
Microsoft Visual Studio Solution File, Format Version 12.00
# Visual Studio Version 17
VisualStudioVersion = 17.10.34928.147
MinimumVisualStudioVersion = 10.0.40219.1
Project("{9A19103F-16F7-4668-BE54-9A1E7A4F7556}") = "WebApi", "WebApi\WebApi.csproj", "{30D3970D-97AC-4D5E-A47D-5F4509AFCD53}"
EndProject
Project("{9A19103F-16F7-4668-BE54-9A1E7A4F7556}") = "AspireServiceDefaults", "AspireServiceDefaults\AspireServiceDefaults.csproj", "{A8FA8362-40EC-4834-9218-B17C56932255}"
EndProject
Project("{FAE04EC0-301F-11D3-BF4B-00C04F79EFBC}") = "AppHost1", "AppHost1\AppHost1.csproj", "{9EBE1A9E-71D1-4736-9DFA-EE626B294405}"
EndProject
Project("{9A19103F-16F7-4668-BE54-9A1E7A4F7556}") = "WorkerService", "WorkerService\WorkerService.csproj", "{08693F3E-35D7-44D7-B78E-5D358E401482}"
EndProject
Project("{FAE04EC0-301F-11D3-BF4B-00C04F79EFBC}") = "Messages", "Messages\Messages.csproj", "{3D0DA0EE-B3CF-422A-880F-20BC80B7BD97}"
EndProject
Global
	GlobalSection(SolutionConfigurationPlatforms) = preSolution
		Debug|Any CPU = Debug|Any CPU
		Release|Any CPU = Release|Any CPU
	EndGlobalSection
	GlobalSection(ProjectConfigurationPlatforms) = postSolution
		{30D3970D-97AC-4D5E-A47D-5F4509AFCD53}.Debug|Any CPU.ActiveCfg = Debug|Any CPU
		{30D3970D-97AC-4D5E-A47D-5F4509AFCD53}.Debug|Any CPU.Build.0 = Debug|Any CPU
		{30D3970D-97AC-4D5E-A47D-5F4509AFCD53}.Release|Any CPU.ActiveCfg = Release|Any CPU
		{30D3970D-97AC-4D5E-A47D-5F4509AFCD53}.Release|Any CPU.Build.0 = Release|Any CPU
		{A8FA8362-40EC-4834-9218-B17C56932255}.Debug|Any CPU.ActiveCfg = Debug|Any CPU
		{A8FA8362-40EC-4834-9218-B17C56932255}.Debug|Any CPU.Build.0 = Debug|Any CPU
		{A8FA8362-40EC-4834-9218-B17C56932255}.Release|Any CPU.ActiveCfg = Release|Any CPU
		{A8FA8362-40EC-4834-9218-B17C56932255}.Release|Any CPU.Build.0 = Release|Any CPU
		{9EBE1A9E-71D1-4736-9DFA-EE626B294405}.Debug|Any CPU.ActiveCfg = Debug|Any CPU
		{9EBE1A9E-71D1-4736-9DFA-EE626B294405}.Debug|Any CPU.Build.0 = Debug|Any CPU
		{9EBE1A9E-71D1-4736-9DFA-EE626B294405}.Release|Any CPU.ActiveCfg = Release|Any CPU
		{9EBE1A9E-71D1-4736-9DFA-EE626B294405}.Release|Any CPU.Build.0 = Release|Any CPU
		{08693F3E-35D7-44D7-B78E-5D358E401482}.Debug|Any CPU.ActiveCfg = Debug|Any CPU
		{08693F3E-35D7-44D7-B78E-5D358E401482}.Debug|Any CPU.Build.0 = Debug|Any CPU
		{08693F3E-35D7-44D7-B78E-5D358E401482}.Release|Any CPU.ActiveCfg = Release|Any CPU
		{08693F3E-35D7-44D7-B78E-5D358E401482}.Release|Any CPU.Build.0 = Release|Any CPU
		{3D0DA0EE-B3CF-422A-880F-20BC80B7BD97}.Debug|Any CPU.ActiveCfg = Debug|Any CPU
		{3D0DA0EE-B3CF-422A-880F-20BC80B7BD97}.Debug|Any CPU.Build.0 = Debug|Any CPU
		{3D0DA0EE-B3CF-422A-880F-20BC80B7BD97}.Release|Any CPU.ActiveCfg = Release|Any CPU
		{3D0DA0EE-B3CF-422A-880F-20BC80B7BD97}.Release|Any CPU.Build.0 = Release|Any CPU
	EndGlobalSection
	GlobalSection(SolutionProperties) = preSolution
		HideSolutionNode = FALSE
	EndGlobalSection
	GlobalSection(ExtensibilityGlobals) = postSolution
		SolutionGuid = {8140776F-F70C-415C-ADC0-184E274AC584}
	EndGlobalSection
EndGlobal
